%{"exactor": {:git, "git://github.com/sasa1977/exactor.git", "0467f8100bc735405d597dbf94996195eb31e0b6", []},
  "extask": {:git, "git://github.com/timCF/extask.git", "4164dddf3135c44623d77e9cba07324595353d6b", []},
  "hashex": {:git, "git://github.com/timCF/hashex.git", "195141dd376df363021cb0d8cedd0785984d5b4d", []}}
